
Microsoft Visual Studio Solution File, Format Version 12.00
# Visual Studio 15
VisualStudioVersion = 15.0.28307.705
MinimumVisualStudioVersion = 10.0.40219.1
Project("{FAE04EC0-301F-11D3-BF4B-00C04F79EFBC}") = "WordUnscrambler", "WordUnscrambler\WordUnscrambler.csproj", "{7BBE2334-01AE-4D34-9EE0-805C1B3FB243}"
EndProject
Global
	GlobalSection(SolutionConfigurationPlatforms) = preSolution
		Debug|Any CPU = Debug|Any CPU
		Release|Any CPU = Release|Any CPU
	EndGlobalSection
	GlobalSection(ProjectConfigurationPlatforms) = postSolution
		{7BBE2334-01AE-4D34-9EE0-805C1B3FB243}.Debug|Any CPU.ActiveCfg = Debug|Any CPU
		{7BBE2334-01AE-4D34-9EE0-805C1B3FB243}.Debug|Any CPU.Build.0 = Debug|Any CPU
		{7BBE2334-01AE-4D34-9EE0-805C1B3FB243}.Release|Any CPU.ActiveCfg = Release|Any CPU
		{7BBE2334-01AE-4D34-9EE0-805C1B3FB243}.Release|Any CPU.Build.0 = Release|Any CPU
	EndGlobalSection
	GlobalSection(SolutionProperties) = preSolution
		HideSolutionNode = FALSE
	EndGlobalSection
	GlobalSection(ExtensibilityGlobals) = postSolution
		SolutionGuid = {DB607283-1415-4F31-A45C-922201C5D52E}
	EndGlobalSection
EndGlobal
